dependencies:
- name: cert-manager-istio-csr
  repository: https://charts.jetstack.io
  version: v0.14.0
- name: base
  repository: https://istio-release.storage.googleapis.com/charts
  version: 1.25.3
- name: istiod
  repository: https://istio-release.storage.googleapis.com/charts
  version: 1.25.3
digest: sha256:9a0828640e706cd12d0016933405b1e428c1f62539b37ef2fdf8056e94002b88
generated: "2025-10-25T13:43:14.007184+03:00"
