dependencies:
- name: cert-manager-istio-csr
  repository: https://charts.jetstack.io
  version: v0.14.0
- name: base
  repository: https://istio-release.storage.googleapis.com/charts
  version: 1.25.3
- name: istiod
  repository: https://istio-release.storage.googleapis.com/charts
  version: 1.25.3
- name: kgst
  repository: oci://ghcr.io/k0rdent/catalog/charts
  version: 1.2.0
digest: sha256:1bae066773b0a018c329fd951c16f69899c59245173c7ff0b5860ff2047ad5c2
generated: "2025-11-12T12:14:25.640371+02:00"
