dependencies:
- name: cert-manager-istio-csr
  repository: https://charts.jetstack.io
  version: v0.14.0
- name: base
  repository: https://istio-release.storage.googleapis.com/charts
  version: 1.25.3
- name: istiod
  repository: https://istio-release.storage.googleapis.com/charts
  version: 1.25.3
- name: kgst
  repository: oci://ghcr.io/k0rdent/catalog/charts
  version: 2.0.1
digest: sha256:d7eaeef7c326fa0e52c7e78492ea57d26bd01b7bb22f8510d9cf01040fe99dbd
generated: "2026-05-29T14:22:34.844215+03:00"
